
Microsoft Visual Studio Solution File, Format Version 12.00
# Visual Studio Version 16
VisualStudioVersion = 16.0.32126.315
MinimumVisualStudioVersion = 10.0.40219.1
Project("{FAE04EC0-301F-11D3-BF4B-00C04F79EFBC}") = "Employee_Register", "Employee_Register\Employee_Register.csproj", "{0AB75C47-18D5-4A2B-A25C-FB3587F65575}"
EndProject
Global
	GlobalSection(SolutionConfigurationPlatforms) = preSolution
		Debug|Any CPU = Debug|Any CPU
		Release|Any CPU = Release|Any CPU
	EndGlobalSection
	GlobalSection(ProjectConfigurationPlatforms) = postSolution
		{0AB75C47-18D5-4A2B-A25C-FB3587F65575}.Debug|Any CPU.ActiveCfg = Debug|Any CPU
		{0AB75C47-18D5-4A2B-A25C-FB3587F65575}.Debug|Any CPU.Build.0 = Debug|Any CPU
		{0AB75C47-18D5-4A2B-A25C-FB3587F65575}.Release|Any CPU.ActiveCfg = Release|Any CPU
		{0AB75C47-18D5-4A2B-A25C-FB3587F65575}.Release|Any CPU.Build.0 = Release|Any CPU
	EndGlobalSection
	GlobalSection(SolutionProperties) = preSolution
		HideSolutionNode = FALSE
	EndGlobalSection
	GlobalSection(ExtensibilityGlobals) = postSolution
		SolutionGuid = {BC9526AE-34EF-4676-9DA5-720F386B635A}
	EndGlobalSection
EndGlobal
